
Microsoft Visual Studio Solution File, Format Version 10.00
# Visual Studio 2008
Project("{FAE04EC0-301F-11D3-BF4B-00C04F79EFBC}") = "OutlookHooks.Task", "OutlookHooks.Task\OutlookHooks.Task.csproj", "{05619724-FF32-4CA9-A727-56C70B766078}"
EndProject
Project("{FAE04EC0-301F-11D3-BF4B-00C04F79EFBC}") = "Exo.Weaves", "Exo.Weaves\Exo.Weaves.csproj", "{4428FEC2-45D0-45FD-B20C-C68C01AD6893}"
EndProject
Project("{FAE04EC0-301F-11D3-BF4B-00C04F79EFBC}") = "Exo.Aspects.Core", "Exo.Aspects.Core\Exo.Aspects.Core.csproj", "{CC75C9E9-F6F0-4F64-A81E-021790F61732}"
EndProject
Project("{FAE04EC0-301F-11D3-BF4B-00C04F79EFBC}") = "Exo.Aspects.Msmq", "Exo.Aspects.Msmq\Exo.Aspects.Msmq.csproj", "{550F5B7A-044F-4696-BA65-CA556D24FB9E}"
EndProject
Project("{FAE04EC0-301F-11D3-BF4B-00C04F79EFBC}") = "Exo.Aspects.Text", "Exo.Aspects.Text\Exo.Aspects.Text.csproj", "{BEEE56A0-0B85-4179-A9F3-B94CCEB9E68F}"
EndProject
Project("{FAE04EC0-301F-11D3-BF4B-00C04F79EFBC}") = "Exo.Core", "Exo.Core\Exo.Core.csproj", "{39131B46-B637-428B-8F72-08CA927C4E36}"
EndProject
Project("{FAE04EC0-301F-11D3-BF4B-00C04F79EFBC}") = "Exo.Attributes", "Exo.Attributes\Exo.Attributes.csproj", "{5E4D4448-4F49-4F01-82BE-B474EF888129}"
EndProject
Project("{FAE04EC0-301F-11D3-BF4B-00C04F79EFBC}") = "Exo.MsmqEndpoint", "Exo.MsmqWrappers\Exo.MsmqEndpoint.csproj", "{136962E2-7331-4248-AD13-09D141661A9D}"
EndProject
Project("{FAE04EC0-301F-11D3-BF4B-00C04F79EFBC}") = "Exo.Aspects.ComponentQueue", "Exo.Aspects.ComponentQueue\Exo.Aspects.ComponentQueue.csproj", "{AB322227-60CD-4D1E-AD76-A6D38002E988}"
EndProject
Project("{FAE04EC0-301F-11D3-BF4B-00C04F79EFBC}") = "Exo.EventBus", "Exo.ComponentQueue\Exo.EventBus.csproj", "{C0D35777-6A2E-4DE9-9BF6-0F9397E42998}"
EndProject
Global
	GlobalSection(SolutionConfigurationPlatforms) = preSolution
		Debug|Any CPU = Debug|Any CPU
		Release|Any CPU = Release|Any CPU
	EndGlobalSection
	GlobalSection(ProjectConfigurationPlatforms) = postSolution
		{05619724-FF32-4CA9-A727-56C70B766078}.Debug|Any CPU.ActiveCfg = Debug|Any CPU
		{05619724-FF32-4CA9-A727-56C70B766078}.Debug|Any CPU.Build.0 = Debug|Any CPU
		{05619724-FF32-4CA9-A727-56C70B766078}.Release|Any CPU.ActiveCfg = Release|Any CPU
		{05619724-FF32-4CA9-A727-56C70B766078}.Release|Any CPU.Build.0 = Release|Any CPU
		{4428FEC2-45D0-45FD-B20C-C68C01AD6893}.Debug|Any CPU.ActiveCfg = Debug|Any CPU
		{4428FEC2-45D0-45FD-B20C-C68C01AD6893}.Debug|Any CPU.Build.0 = Debug|Any CPU
		{4428FEC2-45D0-45FD-B20C-C68C01AD6893}.Release|Any CPU.ActiveCfg = Release|Any CPU
		{4428FEC2-45D0-45FD-B20C-C68C01AD6893}.Release|Any CPU.Build.0 = Release|Any CPU
		{CC75C9E9-F6F0-4F64-A81E-021790F61732}.Debug|Any CPU.ActiveCfg = Debug|Any CPU
		{CC75C9E9-F6F0-4F64-A81E-021790F61732}.Debug|Any CPU.Build.0 = Debug|Any CPU
		{CC75C9E9-F6F0-4F64-A81E-021790F61732}.Release|Any CPU.ActiveCfg = Release|Any CPU
		{CC75C9E9-F6F0-4F64-A81E-021790F61732}.Release|Any CPU.Build.0 = Release|Any CPU
		{550F5B7A-044F-4696-BA65-CA556D24FB9E}.Debug|Any CPU.ActiveCfg = Debug|Any CPU
		{550F5B7A-044F-4696-BA65-CA556D24FB9E}.Debug|Any CPU.Build.0 = Debug|Any CPU
		{550F5B7A-044F-4696-BA65-CA556D24FB9E}.Release|Any CPU.ActiveCfg = Release|Any CPU
		{550F5B7A-044F-4696-BA65-CA556D24FB9E}.Release|Any CPU.Build.0 = Release|Any CPU
		{BEEE56A0-0B85-4179-A9F3-B94CCEB9E68F}.Debug|Any CPU.ActiveCfg = Debug|Any CPU
		{BEEE56A0-0B85-4179-A9F3-B94CCEB9E68F}.Debug|Any CPU.Build.0 = Debug|Any CPU
		{BEEE56A0-0B85-4179-A9F3-B94CCEB9E68F}.Release|Any CPU.ActiveCfg = Release|Any CPU
		{BEEE56A0-0B85-4179-A9F3-B94CCEB9E68F}.Release|Any CPU.Build.0 = Release|Any CPU
		{39131B46-B637-428B-8F72-08CA927C4E36}.Debug|Any CPU.ActiveCfg = Debug|Any CPU
		{39131B46-B637-428B-8F72-08CA927C4E36}.Debug|Any CPU.Build.0 = Debug|Any CPU
		{39131B46-B637-428B-8F72-08CA927C4E36}.Release|Any CPU.ActiveCfg = Release|Any CPU
		{39131B46-B637-428B-8F72-08CA927C4E36}.Release|Any CPU.Build.0 = Release|Any CPU
		{5E4D4448-4F49-4F01-82BE-B474EF888129}.Debug|Any CPU.ActiveCfg = Debug|Any CPU
		{5E4D4448-4F49-4F01-82BE-B474EF888129}.Debug|Any CPU.Build.0 = Debug|Any CPU
		{5E4D4448-4F49-4F01-82BE-B474EF888129}.Release|Any CPU.ActiveCfg = Release|Any CPU
		{5E4D4448-4F49-4F01-82BE-B474EF888129}.Release|Any CPU.Build.0 = Release|Any CPU
		{136962E2-7331-4248-AD13-09D141661A9D}.Debug|Any CPU.ActiveCfg = Debug|Any CPU
		{136962E2-7331-4248-AD13-09D141661A9D}.Debug|Any CPU.Build.0 = Debug|Any CPU
		{136962E2-7331-4248-AD13-09D141661A9D}.Release|Any CPU.ActiveCfg = Release|Any CPU
		{136962E2-7331-4248-AD13-09D141661A9D}.Release|Any CPU.Build.0 = Release|Any CPU
		{AB322227-60CD-4D1E-AD76-A6D38002E988}.Debug|Any CPU.ActiveCfg = Debug|Any CPU
		{AB322227-60CD-4D1E-AD76-A6D38002E988}.Debug|Any CPU.Build.0 = Debug|Any CPU
		{AB322227-60CD-4D1E-AD76-A6D38002E988}.Release|Any CPU.ActiveCfg = Release|Any CPU
		{AB322227-60CD-4D1E-AD76-A6D38002E988}.Release|Any CPU.Build.0 = Release|Any CPU
		{C0D35777-6A2E-4DE9-9BF6-0F9397E42998}.Debug|Any CPU.ActiveCfg = Debug|Any CPU
		{C0D35777-6A2E-4DE9-9BF6-0F9397E42998}.Debug|Any CPU.Build.0 = Debug|Any CPU
		{C0D35777-6A2E-4DE9-9BF6-0F9397E42998}.Release|Any CPU.ActiveCfg = Release|Any CPU
		{C0D35777-6A2E-4DE9-9BF6-0F9397E42998}.Release|Any CPU.Build.0 = Release|Any CPU
	EndGlobalSection
	GlobalSection(SolutionProperties) = preSolution
		HideSolutionNode = FALSE
	EndGlobalSection
EndGlobal
